// !$*UTF8*$!
{
	archiveVersion = 1;
	classes = {
	};
	objectVersion = 50;
	objects = {

/* Begin PBXBuildFile section */
		919CA8AD239C963400668A00 /* AppDelegate.swift in Sources */ = {isa = PBXBuildFile; fileRef = 919CA8AC239C963400668A00 /* AppDelegate.swift */; };
		919CA8AF239C963400668A00 /* SceneDelegate.swift in Sources */ = {isa = PBXBuildFile; fileRef = 919CA8AE239C963400668A00 /* SceneDelegate.swift */; };
		919CA8B1239C963400668A00 /* ViewController.swift in Sources */ = {isa = PBXBuildFile; fileRef = 919CA8B0239C963400668A00 /* ViewController.swift */; };
		919CA8B6239C963500668A00 /* Assets.xcassets in Resources */ = {isa = PBXBuildFile; fileRef = 919CA8B5239C963500668A00 /* Assets.xcassets */; };
		919CA8B9239C963500668A00 /* LaunchScreen.storyboard in Resources */ = {isa = PBXBuildFile; fileRef = 919CA8B7239C963500668A00 /* LaunchScreen.storyboard */; };
		919CA8C5239C96ED00668A00 /* Data+extension.swift in Sources */ = {isa = PBXBuildFile; fileRef = 919CA8C4239C96ED00668A00 /* Data+extension.swift */; };
		919CA8C7239C970900668A00 /* NFCWriter.swift in Sources */ = {isa = PBXBuildFile; fileRef = 919CA8C6239C970900668A00 /* NFCWriter.swift */; };
		919CA8C9239C971700668A00 /* NFCReader.swift in Sources */ = {isa = PBXBuildFile; fileRef = 919CA8C8239C971700668A00 /* NFCReader.swift */; };
		919CA8CB239C972400668A00 /* NFCMessageEncoder.swift in Sources */ = {isa = PBXBuildFile; fileRef = 919CA8CA239C972400668A00 /* NFCMessageEncoder.swift */; };
		919CA8CD239C973200668A00 /* NFCMessageDecoder.swift in Sources */ = {isa = PBXBuildFile; fileRef = 919CA8CC239C973200668A00 /* NFCMessageDecoder.swift */; };
		919CA8CF239C9ADE00668A00 /* UIView+extension.swift in Sources */ = {isa = PBXBuildFile; fileRef = 919CA8CE239C9ADE00668A00 /* UIView+extension.swift */; };
/* End PBXBuildFile section */

/* Begin PBXFileReference section */
		919CA8A9239C963400668A00 /* CocoaHeadsNFC.app */ = {isa = PBXFileReference; explicitFileType = wrapper.application; includeInIndex = 0; path = CocoaHeadsNFC.app; sourceTree = BUILT_PRODUCTS_DIR; };
		919CA8AC239C963400668A00 /* AppDelegate.swift */ = {isa = PBXFileReference; lastKnownFileType = sourcecode.swift; path = AppDelegate.swift; sourceTree = "<group>"; };
		919CA8AE239C963400668A00 /* SceneDelegate.swift */ = {isa = PBXFileReference; lastKnownFileType = sourcecode.swift; path = SceneDelegate.swift; sourceTree = "<group>"; };
		919CA8B0239C963400668A00 /* ViewController.swift */ = {isa = PBXFileReference; lastKnownFileType = sourcecode.swift; path = ViewController.swift; sourceTree = "<group>"; };
		919CA8B5239C963500668A00 /* Assets.xcassets */ = {isa = PBXFileReference; lastKnownFileType = folder.assetcatalog; path = Assets.xcassets; sourceTree = "<group>"; };
		919CA8B8239C963500668A00 /* Base */ = {isa = PBXFileReference; lastKnownFileType = file.storyboard; name = Base; path = Base.lproj/LaunchScreen.storyboard; sourceTree = "<group>"; };
		919CA8BA239C963500668A00 /* Info.plist */ = {isa = PBXFileReference; lastKnownFileType = text.plist.xml; path = Info.plist; sourceTree = "<group>"; };
		919CA8C4239C96ED00668A00 /* Data+extension.swift */ = {isa = PBXFileReference; lastKnownFileType = sourcecode.swift; path = "Data+extension.swift"; sourceTree = "<group>"; };
		919CA8C6239C970900668A00 /* NFCWriter.swift */ = {isa = PBXFileReference; lastKnownFileType = sourcecode.swift; path = NFCWriter.swift; sourceTree = "<group>"; };
		919CA8C8239C971700668A00 /* NFCReader.swift */ = {isa = PBXFileReference; lastKnownFileType = sourcecode.swift; path = NFCReader.swift; sourceTree = "<group>"; };
		919CA8CA239C972400668A00 /* NFCMessageEncoder.swift */ = {isa = PBXFileReference; lastKnownFileType = sourcecode.swift; path = NFCMessageEncoder.swift; sourceTree = "<group>"; };
		919CA8CC239C973200668A00 /* NFCMessageDecoder.swift */ = {isa = PBXFileReference; lastKnownFileType = sourcecode.swift; path = NFCMessageDecoder.swift; sourceTree = "<group>"; };
		919CA8CE239C9ADE00668A00 /* UIView+extension.swift */ = {isa = PBXFileReference; lastKnownFileType = sourcecode.swift; path = "UIView+extension.swift"; sourceTree = "<group>"; };
		91BE807F239CB4820071325B /* CocoaHeadsNFC.entitlements */ = {isa = PBXFileReference; lastKnownFileType = text.plist.entitlements; path = CocoaHeadsNFC.entitlements; sourceTree = "<group>"; };
/* End PBXFileReference section */

/* Begin PBXFrameworksBuildPhase section */
		919CA8A6239C963400668A00 /* Frameworks */ = {
			isa = PBXFrameworksBuildPhase;
			buildActionMask = 2147483647;
			files = (
			);
			runOnlyForDeploymentPostprocessing = 0;
		};
/* End PBXFrameworksBuildPhase section */

/* Begin PBXGroup section */
		919CA8A0239C963400668A00 = {
			isa = PBXGroup;
			children = (
				919CA8AB239C963400668A00 /* CocoaHeadsNFC */,
				919CA8AA239C963400668A00 /* Products */,
			);
			sourceTree = "<group>";
		};
		919CA8AA239C963400668A00 /* Products */ = {
			isa = PBXGroup;
			children = (
				919CA8A9239C963400668A00 /* CocoaHeadsNFC.app */,
			);
			name = Products;
			sourceTree = "<group>";
		};
		919CA8AB239C963400668A00 /* CocoaHeadsNFC */ = {
			isa = PBXGroup;
			children = (
				91BE807F239CB4820071325B /* CocoaHeadsNFC.entitlements */,
				919CA8C2239C96CB00668A00 /* Class */,
				919CA8C1239C96BA00668A00 /* Utilities */,
				919CA8AC239C963400668A00 /* AppDelegate.swift */,
				919CA8AE239C963400668A00 /* SceneDelegate.swift */,
				919CA8B0239C963400668A00 /* ViewController.swift */,
				919CA8B5239C963500668A00 /* Assets.xcassets */,
				919CA8B7239C963500668A00 /* LaunchScreen.storyboard */,
				919CA8BA239C963500668A00 /* Info.plist */,
			);
			path = CocoaHeadsNFC;
			sourceTree = "<group>";
		};
		919CA8C1239C96BA00668A00 /* Utilities */ = {
			isa = PBXGroup;
			children = (
				919CA8C3239C96DC00668A00 /* Extension */,
			);
			path = Utilities;
			sourceTree = "<group>";
		};
		919CA8C2239C96CB00668A00 /* Class */ = {
			isa = PBXGroup;
			children = (
				919CA8C6239C970900668A00 /* NFCWriter.swift */,
				919CA8C8239C971700668A00 /* NFCReader.swift */,
				919CA8CA239C972400668A00 /* NFCMessageEncoder.swift */,
				919CA8CC239C973200668A00 /* NFCMessageDecoder.swift */,
			);
			path = Class;
			sourceTree = "<group>";
		};
		919CA8C3239C96DC00668A00 /* Extension */ = {
			isa = PBXGroup;
			children = (
				919CA8C4239C96ED00668A00 /* Data+extension.swift */,
				919CA8CE239C9ADE00668A00 /* UIView+extension.swift */,
			);
			path = Extension;
			sourceTree = "<group>";
		};
/* End PBXGroup section */

/* Begin PBXNativeTarget section */
		919CA8A8239C963400668A00 /* CocoaHeadsNFC */ = {
			isa = PBXNativeTarget;
			buildConfigurationList = 919CA8BD239C963500668A00 /* Build configuration list for PBXNativeTarget "CocoaHeadsNFC" */;
			buildPhases = (
				919CA8A5239C963400668A00 /* Sources */,
				919CA8A6239C963400668A00 /* Frameworks */,
				919CA8A7239C963400668A00 /* Resources */,
			);
			buildRules = (
			);
			dependencies = (
			);
			name = CocoaHeadsNFC;
			productName = CocoaHeadsNFC;
			productReference = 919CA8A9239C963400668A00 /* CocoaHeadsNFC.app */;
			productType = "com.apple.product-type.application";
		};
/* End PBXNativeTarget section */

/* Begin PBXProject section */
		919CA8A1239C963400668A00 /* Project object */ = {
			isa = PBXProject;
			attributes = {
				LastSwiftUpdateCheck = 1120;
				LastUpgradeCheck = 1120;
				ORGANIZATIONNAME = "Douglas Nunes";
				TargetAttributes = {
					919CA8A8239C963400668A00 = {
						CreatedOnToolsVersion = 11.2.1;
					};
				};
			};
			buildConfigurationList = 919CA8A4239C963400668A00 /* Build configuration list for PBXProject "CocoaHeadsNFC" */;
			compatibilityVersion = "Xcode 9.3";
			developmentRegion = en;
			hasScannedForEncodings = 0;
			knownRegions = (
				en,
				Base,
			);
			mainGroup = 919CA8A0239C963400668A00;
			productRefGroup = 919CA8AA239C963400668A00 /* Products */;
			projectDirPath = "";
			projectRoot = "";
			targets = (
				919CA8A8239C963400668A00 /* CocoaHeadsNFC */,
			);
		};
/* End PBXProject section */

/* Begin PBXResourcesBuildPhase section */
		919CA8A7239C963400668A00 /* Resources */ = {
			isa = PBXResourcesBuildPhase;
			buildActionMask = 2147483647;
			files = (
				919CA8B9239C963500668A00 /* LaunchScreen.storyboard in Resources */,
				919CA8B6239C963500668A00 /* Assets.xcassets in Resources */,
			);
			runOnlyForDeploymentPostprocessing = 0;
		};
/* End PBXResourcesBuildPhase section */

/* Begin PBXSourcesBuildPhase section */
		919CA8A5239C963400668A00 /* Sources */ = {
			isa = PBXSourcesBuildPhase;
			buildActionMask = 2147483647;
			files = (
				919CA8B1239C963400668A00 /* ViewController.swift in Sources */,
				919CA8C5239C96ED00668A00 /* Data+extension.swift in Sources */,
				919CA8C9239C971700668A00 /* NFCReader.swift in Sources */,
				919CA8CF239C9ADE00668A00 /* UIView+extension.swift in Sources */,
				919CA8CB239C972400668A00 /* NFCMessageEncoder.swift in Sources */,
				919CA8CD239C973200668A00 /* NFCMessageDecoder.swift in Sources */,
				919CA8C7239C970900668A00 /* NFCWriter.swift in Sources */,
				919CA8AD239C963400668A00 /* AppDelegate.swift in Sources */,
				919CA8AF239C963400668A00 /* SceneDelegate.swift in Sources */,
			);
			runOnlyForDeploymentPostprocessing = 0;
		};
/* End PBXSourcesBuildPhase section */

/* Begin PBXVariantGroup section */
		919CA8B7239C963500668A00 /* LaunchScreen.storyboard */ = {
			isa = PBXVariantGroup;
			children = (
				919CA8B8239C963500668A00 /* Base */,
			);
			name = LaunchScreen.storyboard;
			sourceTree = "<group>";
		};
/* End PBXVariantGroup section */

/* Begin XCBuildConfiguration section */
		919CA8BB239C963500668A00 /* Debug */ = {
			isa = XCBuildConfiguration;
			buildSettings = {
				ALWAYS_SEARCH_USER_PATHS = NO;
				CLANG_ANALYZER_NONNULL = YES;
				CLANG_ANALYZER_NUMBER_OBJECT_CONVERSION = YES_AGGRESSIVE;
				CLANG_CXX_LANGUAGE_STANDARD = "gnu++14";
				CLANG_CXX_LIBRARY = "libc++";
				CLANG_ENABLE_MODULES = YES;
				CLANG_ENABLE_OBJC_ARC = YES;
				CLANG_ENABLE_OBJC_WEAK = YES;
				CLANG_WARN_BLOCK_CAPTURE_AUTORELEASING = YES;
				CLANG_WARN_BOOL_CONVERSION = YES;
				CLANG_WARN_COMMA = YES;
				CLANG_WARN_CONSTANT_CONVERSION = YES;
				CLANG_WARN_DEPRECATED_OBJC_IMPLEMENTATIONS = YES;
				CLANG_WARN_DIRECT_OBJC_ISA_USAGE = YES_ERROR;
				CLANG_WARN_DOCUMENTATION_COMMENTS = YES;
				CLANG_WARN_EMPTY_BODY = YES;
				CLANG_WARN_ENUM_CONVERSION = YES;
				CLANG_WARN_INFINITE_RECURSION = YES;
				CLANG_WARN_INT_CONVERSION = YES;
				CLANG_WARN_NON_LITERAL_NULL_CONVERSION = YES;
				CLANG_WARN_OBJC_IMPLICIT_RETAIN_SELF = YES;
				CLANG_WARN_OBJC_LITERAL_CONVERSION = YES;
				CLANG_WARN_OBJC_ROOT_CLASS = YES_ERROR;
				CLANG_WARN_RANGE_LOOP_ANALYSIS = YES;
				CLANG_WARN_STRICT_PROTOTYPES = YES;
				CLANG_WARN_SUSPICIOUS_MOVE = YES;
				CLANG_WARN_UNGUARDED_AVAILABILITY = YES_AGGRESSIVE;
				CLANG_WARN_UNREACHABLE_CODE = YES;
				CLANG_WARN__DUPLICATE_METHOD_MATCH = YES;
				COPY_PHASE_STRIP = NO;
				DEBUG_INFORMATION_FORMAT = dwarf;
				ENABLE_STRICT_OBJC_MSGSEND = YES;
				ENABLE_TESTABILITY = YES;
				GCC_C_LANGUAGE_STANDARD = gnu11;
				GCC_DYNAMIC_NO_PIC = NO;
				GCC_NO_COMMON_BLOCKS = YES;
				GCC_OPTIMIZATION_LEVEL = 0;
				GCC_PREPROCESSOR_DEFINITIONS = (
					"DEBUG=1",
					"$(inherited)",
				);
				GCC_WARN_64_TO_32_BIT_CONVERSION = YES;
				GCC_WARN_ABOUT_RETURN_TYPE = YES_ERROR;
				GCC_WARN_UNDECLARED_SELECTOR = YES;
				GCC_WARN_UNINITIALIZED_AUTOS = YES_AGGRESSIVE;
				GCC_WARN_UNUSED_FUNCTION = YES;
				GCC_WARN_UNUSED_VARIABLE = YES;
				IPHONEOS_DEPLOYMENT_TARGET = 13.2;
				MTL_ENABLE_DEBUG_INFO = INCLUDE_SOURCE;
				MTL_FAST_MATH = YES;
				ONLY_ACTIVE_ARCH = YES;
				SDKROOT = iphoneos;
				SWIFT_ACTIVE_COMPILATION_CONDITIONS = DEBUG;
				SWIFT_OPTIMIZATION_LEVEL = "-Onone";
			};
			name = Debug;
		};
		919CA8BC239C963500668A00 /* Release */ = {
			isa = XCBuildConfiguration;
			buildSettings = {
				ALWAYS_SEARCH_USER_PATHS = NO;
				CLANG_ANALYZER_NONNULL = YES;
				CLANG_ANALYZER_NUMBER_OBJECT_CONVERSION = YES_AGGRESSIVE;
				CLANG_CXX_LANGUAGE_STANDARD = "gnu++14";
				CLANG_CXX_LIBRARY = "libc++";
				CLANG_ENABLE_MODULES = YES;
				CLANG_ENABLE_OBJC_ARC = YES;
				CLANG_ENABLE_OBJC_WEAK = YES;
				CLANG_WARN_BLOCK_CAPTURE_AUTORELEASING = YES;
				CLANG_WARN_BOOL_CONVERSION = YES;
				CLANG_WARN_COMMA = YES;
				CLANG_WARN_CONSTANT_CONVERSION = YES;
				CLANG_WARN_DEPRECATED_OBJC_IMPLEMENTATIONS = YES;
				CLANG_WARN_DIRECT_OBJC_ISA_USAGE = YES_ERROR;
				CLANG_WARN_DOCUMENTATION_COMMENTS = YES;
				CLANG_WARN_EMPTY_BODY = YES;
				CLANG_WARN_ENUM_CONVERSION = YES;
				CLANG_WARN_INFINITE_RECURSION = YES;
				CLANG_WARN_INT_CONVERSION = YES;
				CLANG_WARN_NON_LITERAL_NULL_CONVERSION = YES;
				CLANG_WARN_OBJC_IMPLICIT_RETAIN_SELF = YES;
				CLANG_WARN_OBJC_LITERAL_CONVERSION = YES;
				CLANG_WARN_OBJC_ROOT_CLASS = YES_ERROR;
				CLANG_WARN_RANGE_LOOP_ANALYSIS = YES;
				CLANG_WARN_STRICT_PROTOTYPES = YES;
				CLANG_WARN_SUSPICIOUS_MOVE = YES;
				CLANG_WARN_UNGUARDED_AVAILABILITY = YES_AGGRESSIVE;
				CLANG_WARN_UNREACHABLE_CODE = YES;
				CLANG_WARN__DUPLICATE_METHOD_MATCH = YES;
				COPY_PHASE_STRIP = NO;
				DEBUG_INFORMATION_FORMAT = "dwarf-with-dsym";
				ENABLE_NS_ASSERTIONS = NO;
				ENABLE_STRICT_OBJC_MSGSEND = YES;
				GCC_C_LANGUAGE_STANDARD = gnu11;
				GCC_NO_COMMON_BLOCKS = YES;
				GCC_WARN_64_TO_32_BIT_CONVERSION = YES;
				GCC_WARN_ABOUT_RETURN_TYPE = YES_ERROR;
				GCC_WARN_UNDECLARED_SELECTOR = YES;
				GCC_WARN_UNINITIALIZED_AUTOS = YES_AGGRESSIVE;
				GCC_WARN_UNUSED_FUNCTION = YES;
				GCC_WARN_UNUSED_VARIABLE = YES;
				IPHONEOS_DEPLOYMENT_TARGET = 13.2;
				MTL_ENABLE_DEBUG_INFO = NO;
				MTL_FAST_MATH = YES;
				SDKROOT = iphoneos;
				SWIFT_COMPILATION_MODE = wholemodule;
				SWIFT_OPTIMIZATION_LEVEL = "-O";
				VALIDATE_PRODUCT = YES;
			};
			name = Release;
		};
		919CA8BE239C963500668A00 /* Debug */ = {
			isa = XCBuildConfiguration;
			buildSettings = {
				ASSETCATALOG_COMPILER_APPICON_NAME = AppIcon;
				CODE_SIGN_ENTITLEMENTS = CocoaHeadsNFC/CocoaHeadsNFC.entitlements;
				CODE_SIGN_STYLE = Automatic;
				DEVELOPMENT_TEAM = ZN54KW9LXC;
				INFOPLIST_FILE = CocoaHeadsNFC/Info.plist;
				IPHONEOS_DEPLOYMENT_TARGET = 13.0;
				LD_RUNPATH_SEARCH_PATHS = (
					"$(inherited)",
					"@executable_path/Frameworks",
				);
				PRODUCT_BUNDLE_IDENTIFIER = com.doug.cocoaHeadsNFC;
				PRODUCT_NAME = "$(TARGET_NAME)";
				SWIFT_VERSION = 5.0;
				TARGETED_DEVICE_FAMILY = "1,2";
			};
			name = Debug;
		};
		919CA8BF239C963500668A00 /* Release */ = {
			isa = XCBuildConfiguration;
			buildSettings = {
				ASSETCATALOG_COMPILER_APPICON_NAME = AppIcon;
				CODE_SIGN_ENTITLEMENTS = CocoaHeadsNFC/CocoaHeadsNFC.entitlements;
				CODE_SIGN_STYLE = Automatic;
				DEVELOPMENT_TEAM = ZN54KW9LXC;
				INFOPLIST_FILE = CocoaHeadsNFC/Info.plist;
				IPHONEOS_DEPLOYMENT_TARGET = 13.0;
				LD_RUNPATH_SEARCH_PATHS = (
					"$(inherited)",
					"@executable_path/Frameworks",
				);
				PRODUCT_BUNDLE_IDENTIFIER = com.doug.cocoaHeadsNFC;
				PRODUCT_NAME = "$(TARGET_NAME)";
				SWIFT_VERSION = 5.0;
				TARGETED_DEVICE_FAMILY = "1,2";
			};
			name = Release;
		};
/* End XCBuildConfiguration section */

/* Begin XCConfigurationList section */
		919CA8A4239C963400668A00 /* Build configuration list for PBXProject "CocoaHeadsNFC" */ = {
			isa = XCConfigurationList;
			buildConfigurations = (
				919CA8BB239C963500668A00 /* Debug */,
				919CA8BC239C963500668A00 /* Release */,
			);
			defaultConfigurationIsVisible = 0;
			defaultConfigurationName = Release;
		};
		919CA8BD239C963500668A00 /* Build configuration list for PBXNativeTarget "CocoaHeadsNFC" */ = {
			isa = XCConfigurationList;
			buildConfigurations = (
				919CA8BE239C963500668A00 /* Debug */,
				919CA8BF239C963500668A00 /* Release */,
			);
			defaultConfigurationIsVisible = 0;
			defaultConfigurationName = Release;
		};
/* End XCConfigurationList section */
	};
	rootObject = 919CA8A1239C963400668A00 /* Project object */;
}
